
Microsoft Visual Studio Solution File, Format Version 12.00
# Visual Studio Version 17
VisualStudioVersion = 17.2.32519.379
MinimumVisualStudioVersion = 10.0.40219.1
Project("{FAE04EC0-301F-11D3-BF4B-00C04F79EFBC}") = "Developer", "Developer.csproj", "{C574807E-75E1-4960-BA53-47B9FC889803}"
EndProject
Global
	GlobalSection(SolutionConfigurationPlatforms) = preSolution
		Debug|Any CPU = Debug|Any CPU
		Release|Any CPU = Release|Any CPU
	EndGlobalSection
	GlobalSection(ProjectConfigurationPlatforms) = postSolution
		{C574807E-75E1-4960-BA53-47B9FC889803}.Debug|Any CPU.ActiveCfg = Debug|Any CPU
		{C574807E-75E1-4960-BA53-47B9FC889803}.Debug|Any CPU.Build.0 = Debug|Any CPU
		{C574807E-75E1-4960-BA53-47B9FC889803}.Release|Any CPU.ActiveCfg = Release|Any CPU
		{C574807E-75E1-4960-BA53-47B9FC889803}.Release|Any CPU.Build.0 = Release|Any CPU
	EndGlobalSection
	GlobalSection(SolutionProperties) = preSolution
		HideSolutionNode = FALSE
	EndGlobalSection
	GlobalSection(ExtensibilityGlobals) = postSolution
		SolutionGuid = {191A37B2-EBC4-4D19-96CF-D3268AB565FB}
	EndGlobalSection
EndGlobal
